
Microsoft Visual Studio Solution File, Format Version 12.00
# Visual Studio 15
VisualStudioVersion = 15.0.28010.2019
MinimumVisualStudioVersion = 10.0.40219.1
Project("{9A19103F-16F7-4668-BE54-9A1E7A4F7556}") = "SmartGridInfo", "SmartGridInfo\SmartGridInfo.csproj", "{8AC2405C-0A19-4A35-9663-11843CE2D421}"
EndProject
Project("{9A19103F-16F7-4668-BE54-9A1E7A4F7556}") = "ProsumerInfo", "ProsumerInfo\ProsumerInfo.csproj", "{EBEFDAAD-E336-47F5-BC3C-337A98A53809}"
EndProject
Project("{9A19103F-16F7-4668-BE54-9A1E7A4F7556}") = "TraderInfo", "TraderInfo\TraderInfo.csproj", "{69AE9CF1-54A0-4C5A-9B6C-8E8F75944E54}"
EndProject
Project("{00D1A9C2-B5F0-4AF3-8072-F6C62B433612}") = "MSSqlDeployment", "MSSqlDeployment\MSSqlDeployment.sqlproj", "{6068CBE1-D57E-42EE-B276-F8F3DF1B4B44}"
EndProject
Global
	GlobalSection(SolutionConfigurationPlatforms) = preSolution
		Debug|Any CPU = Debug|Any CPU
		Release|Any CPU = Release|Any CPU
	EndGlobalSection
	GlobalSection(ProjectConfigurationPlatforms) = postSolution
		{8AC2405C-0A19-4A35-9663-11843CE2D421}.Debug|Any CPU.ActiveCfg = Debug|Any CPU
		{8AC2405C-0A19-4A35-9663-11843CE2D421}.Debug|Any CPU.Build.0 = Debug|Any CPU
		{8AC2405C-0A19-4A35-9663-11843CE2D421}.Release|Any CPU.ActiveCfg = Release|Any CPU
		{8AC2405C-0A19-4A35-9663-11843CE2D421}.Release|Any CPU.Build.0 = Release|Any CPU
		{EBEFDAAD-E336-47F5-BC3C-337A98A53809}.Debug|Any CPU.ActiveCfg = Debug|Any CPU
		{EBEFDAAD-E336-47F5-BC3C-337A98A53809}.Debug|Any CPU.Build.0 = Debug|Any CPU
		{EBEFDAAD-E336-47F5-BC3C-337A98A53809}.Release|Any CPU.ActiveCfg = Release|Any CPU
		{EBEFDAAD-E336-47F5-BC3C-337A98A53809}.Release|Any CPU.Build.0 = Release|Any CPU
		{69AE9CF1-54A0-4C5A-9B6C-8E8F75944E54}.Debug|Any CPU.ActiveCfg = Debug|Any CPU
		{69AE9CF1-54A0-4C5A-9B6C-8E8F75944E54}.Debug|Any CPU.Build.0 = Debug|Any CPU
		{69AE9CF1-54A0-4C5A-9B6C-8E8F75944E54}.Release|Any CPU.ActiveCfg = Release|Any CPU
		{69AE9CF1-54A0-4C5A-9B6C-8E8F75944E54}.Release|Any CPU.Build.0 = Release|Any CPU
		{6068CBE1-D57E-42EE-B276-F8F3DF1B4B44}.Debug|Any CPU.ActiveCfg = Debug|Any CPU
		{6068CBE1-D57E-42EE-B276-F8F3DF1B4B44}.Debug|Any CPU.Build.0 = Debug|Any CPU
		{6068CBE1-D57E-42EE-B276-F8F3DF1B4B44}.Debug|Any CPU.Deploy.0 = Debug|Any CPU
		{6068CBE1-D57E-42EE-B276-F8F3DF1B4B44}.Release|Any CPU.ActiveCfg = Release|Any CPU
		{6068CBE1-D57E-42EE-B276-F8F3DF1B4B44}.Release|Any CPU.Build.0 = Release|Any CPU
		{6068CBE1-D57E-42EE-B276-F8F3DF1B4B44}.Release|Any CPU.Deploy.0 = Release|Any CPU
	EndGlobalSection
	GlobalSection(SolutionProperties) = preSolution
		HideSolutionNode = FALSE
	EndGlobalSection
	GlobalSection(ExtensibilityGlobals) = postSolution
		SolutionGuid = {F8B07342-7DAB-4BEC-A392-0EAF64F588BE}
	EndGlobalSection
EndGlobal
